// !$*UTF8*$!
{
	archiveVersion = 1;
	classes = {
	};
	objectVersion = 50;
	objects = {

/* Begin PBXBuildFile section */
		85580314240AEBBF00F7C709 /* CreationViewController.swift in Sources */ = {isa = PBXBuildFile; fileRef = 85580313240AEBBF00F7C709 /* CreationViewController.swift */; };
		85F8907223F8797600FBC565 /* AppDelegate.swift in Sources */ = {isa = PBXBuildFile; fileRef = 85F8907123F8797600FBC565 /* AppDelegate.swift */; };
		85F8907423F8797600FBC565 /* ViewController.swift in Sources */ = {isa = PBXBuildFile; fileRef = 85F8907323F8797600FBC565 /* ViewController.swift */; };
		85F8907723F8797600FBC565 /* Main.storyboard in Resources */ = {isa = PBXBuildFile; fileRef = 85F8907523F8797600FBC565 /* Main.storyboard */; };
		85F8907923F8797900FBC565 /* Assets.xcassets in Resources */ = {isa = PBXBuildFile; fileRef = 85F8907823F8797900FBC565 /* Assets.xcassets */; };
		85F8907C23F8797900FBC565 /* LaunchScreen.storyboard in Resources */ = {isa = PBXBuildFile; fileRef = 85F8907A23F8797900FBC565 /* LaunchScreen.storyboard */; };
		85F8908723F8797900FBC565 /* FlashcardsTests.swift in Sources */ = {isa = PBXBuildFile; fileRef = 85F8908623F8797900FBC565 /* FlashcardsTests.swift */; };
		85F8909223F8797900FBC565 /* FlashcardsUITests.swift in Sources */ = {isa = PBXBuildFile; fileRef = 85F8909123F8797900FBC565 /* FlashcardsUITests.swift */; };
/* End PBXBuildFile section */

/* Begin PBXContainerItemProxy section */
		85F8908323F8797900FBC565 /* PBXContainerItemProxy */ = {
			isa = PBXContainerItemProxy;
			containerPortal = 85F8906623F8797500FBC565 /* Project object */;
			proxyType = 1;
			remoteGlobalIDString = 85F8906D23F8797500FBC565;
			remoteInfo = Flashcards;
		};
		85F8908E23F8797900FBC565 /* PBXContainerItemProxy */ = {
			isa = PBXContainerItemProxy;
			containerPortal = 85F8906623F8797500FBC565 /* Project object */;
			proxyType = 1;
			remoteGlobalIDString = 85F8906D23F8797500FBC565;
			remoteInfo = Flashcards;
		};
/* End PBXContainerItemProxy section */

/* Begin PBXFileReference section */
		85580313240AEBBF00F7C709 /* CreationViewController.swift */ = {isa = PBXFileReference; lastKnownFileType = sourcecode.swift; path = CreationViewController.swift; sourceTree = "<group>"; };
		85F8906E23F8797600FBC565 /* Flashcards.app */ = {isa = PBXFileReference; explicitFileType = wrapper.application; includeInIndex = 0; path = Flashcards.app; sourceTree = BUILT_PRODUCTS_DIR; };
		85F8907123F8797600FBC565 /* AppDelegate.swift */ = {isa = PBXFileReference; lastKnownFileType = sourcecode.swift; path = AppDelegate.swift; sourceTree = "<group>"; };
		85F8907323F8797600FBC565 /* ViewController.swift */ = {isa = PBXFileReference; lastKnownFileType = sourcecode.swift; path = ViewController.swift; sourceTree = "<group>"; };
		85F8907623F8797600FBC565 /* Base */ = {isa = PBXFileReference; lastKnownFileType = file.storyboard; name = Base; path = Base.lproj/Main.storyboard; sourceTree = "<group>"; };
		85F8907823F8797900FBC565 /* Assets.xcassets */ = {isa = PBXFileReference; lastKnownFileType = folder.assetcatalog; path = Assets.xcassets; sourceTree = "<group>"; };
		85F8907B23F8797900FBC565 /* Base */ = {isa = PBXFileReference; lastKnownFileType = file.storyboard; name = Base; path = Base.lproj/LaunchScreen.storyboard; sourceTree = "<group>"; };
		85F8907D23F8797900FBC565 /* Info.plist */ = {isa = PBXFileReference; lastKnownFileType = text.plist.xml; path = Info.plist; sourceTree = "<group>"; };
		85F8908223F8797900FBC565 /* FlashcardsTests.xctest */ = {isa = PBXFileReference; explicitFileType = wrapper.cfbundle; includeInIndex = 0; path = FlashcardsTests.xctest; sourceTree = BUILT_PRODUCTS_DIR; };
		85F8908623F8797900FBC565 /* FlashcardsTests.swift */ = {isa = PBXFileReference; lastKnownFileType = sourcecode.swift; path = FlashcardsTests.swift; sourceTree = "<group>"; };
		85F8908823F8797900FBC565 /* Info.plist */ = {isa = PBXFileReference; lastKnownFileType = text.plist.xml; path = Info.plist; sourceTree = "<group>"; };
		85F8908D23F8797900FBC565 /* FlashcardsUITests.xctest */ = {isa = PBXFileReference; explicitFileType = wrapper.cfbundle; includeInIndex = 0; path = FlashcardsUITests.xctest; sourceTree = BUILT_PRODUCTS_DIR; };
		85F8909123F8797900FBC565 /* FlashcardsUITests.swift */ = {isa = PBXFileReference; lastKnownFileType = sourcecode.swift; path = FlashcardsUITests.swift; sourceTree = "<group>"; };
		85F8909323F8797900FBC565 /* Info.plist */ = {isa = PBXFileReference; lastKnownFileType = text.plist.xml; path = Info.plist; sourceTree = "<group>"; };
/* End PBXFileReference section */

/* Begin PBXFrameworksBuildPhase section */
		85F8906B23F8797500FBC565 /* Frameworks */ = {
			isa = PBXFrameworksBuildPhase;
			buildActionMask = 2147483647;
			files = (
			);
			runOnlyForDeploymentPostprocessing = 0;
		};
		85F8907F23F8797900FBC565 /* Frameworks */ = {
			isa = PBXFrameworksBuildPhase;
			buildActionMask = 2147483647;
			files = (
			);
			runOnlyForDeploymentPostprocessing = 0;
		};
		85F8908A23F8797900FBC565 /* Frameworks */ = {
			isa = PBXFrameworksBuildPhase;
			buildActionMask = 2147483647;
			files = (
			);
			runOnlyForDeploymentPostprocessing = 0;
		};
/* End PBXFrameworksBuildPhase section */

/* Begin PBXGroup section */
		85F8906523F8797500FBC565 = {
			isa = PBXGroup;
			children = (
				85580313240AEBBF00F7C709 /* CreationViewController.swift */,
				85F8907023F8797600FBC565 /* Flashcards */,
				85F8908523F8797900FBC565 /* FlashcardsTests */,
				85F8909023F8797900FBC565 /* FlashcardsUITests */,
				85F8906F23F8797600FBC565 /* Products */,
			);
			sourceTree = "<group>";
		};
		85F8906F23F8797600FBC565 /* Products */ = {
			isa = PBXGroup;
			children = (
				85F8906E23F8797600FBC565 /* Flashcards.app */,
				85F8908223F8797900FBC565 /* FlashcardsTests.xctest */,
				85F8908D23F8797900FBC565 /* FlashcardsUITests.xctest */,
			);
			name = Products;
			sourceTree = "<group>";
		};
		85F8907023F8797600FBC565 /* Flashcards */ = {
			isa = PBXGroup;
			children = (
				85F8907123F8797600FBC565 /* AppDelegate.swift */,
				85F8907323F8797600FBC565 /* ViewController.swift */,
				85F8907523F8797600FBC565 /* Main.storyboard */,
				85F8907823F8797900FBC565 /* Assets.xcassets */,
				85F8907A23F8797900FBC565 /* LaunchScreen.storyboard */,
				85F8907D23F8797900FBC565 /* Info.plist */,
			);
			path = Flashcards;
			sourceTree = "<group>";
		};
		85F8908523F8797900FBC565 /* FlashcardsTests */ = {
			isa = PBXGroup;
			children = (
				85F8908623F8797900FBC565 /* FlashcardsTests.swift */,
				85F8908823F8797900FBC565 /* Info.plist */,
			);
			path = FlashcardsTests;
			sourceTree = "<group>";
		};
		85F8909023F8797900FBC565 /* FlashcardsUITests */ = {
			isa = PBXGroup;
			children = (
				85F8909123F8797900FBC565 /* FlashcardsUITests.swift */,
				85F8909323F8797900FBC565 /* Info.plist */,
			);
			path = FlashcardsUITests;
			sourceTree = "<group>";
		};
/* End PBXGroup section */

/* Begin PBXNativeTarget section */
		85F8906D23F8797500FBC565 /* Flashcards */ = {
			isa = PBXNativeTarget;
			buildConfigurationList = 85F8909623F8797900FBC565 /* Build configuration list for PBXNativeTarget "Flashcards" */;
			buildPhases = (
				85F8906A23F8797500FBC565 /* Sources */,
				85F8906B23F8797500FBC565 /* Frameworks */,
				85F8906C23F8797500FBC565 /* Resources */,
			);
			buildRules = (
			);
			dependencies = (
			);
			name = Flashcards;
			productName = Flashcards;
			productReference = 85F8906E23F8797600FBC565 /* Flashcards.app */;
			productType = "com.apple.product-type.application";
		};
		85F8908123F8797900FBC565 /* FlashcardsTests */ = {
			isa = PBXNativeTarget;
			buildConfigurationList = 85F8909923F8797900FBC565 /* Build configuration list for PBXNativeTarget "FlashcardsTests" */;
			buildPhases = (
				85F8907E23F8797900FBC565 /* Sources */,
				85F8907F23F8797900FBC565 /* Frameworks */,
				85F8908023F8797900FBC565 /* Resources */,
			);
			buildRules = (
			);
			dependencies = (
				85F8908423F8797900FBC565 /* PBXTargetDependency */,
			);
			name = FlashcardsTests;
			productName = FlashcardsTests;
			productReference = 85F8908223F8797900FBC565 /* FlashcardsTests.xctest */;
			productType = "com.apple.product-type.bundle.unit-test";
		};
		85F8908C23F8797900FBC565 /* FlashcardsUITests */ = {
			isa = PBXNativeTarget;
			buildConfigurationList = 85F8909C23F8797900FBC565 /* Build configuration list for PBXNativeTarget "FlashcardsUITests" */;
			buildPhases = (
				85F8908923F8797900FBC565 /* Sources */,
				85F8908A23F8797900FBC565 /* Frameworks */,
				85F8908B23F8797900FBC565 /* Resources */,
			);
			buildRules = (
			);
			dependencies = (
				85F8908F23F8797900FBC565 /* PBXTargetDependency */,
			);
			name = FlashcardsUITests;
			productName = FlashcardsUITests;
			productReference = 85F8908D23F8797900FBC565 /* FlashcardsUITests.xctest */;
			productType = "com.apple.product-type.bundle.ui-testing";
		};
/* End PBXNativeTarget section */

/* Begin PBXProject section */
		85F8906623F8797500FBC565 /* Project object */ = {
			isa = PBXProject;
			attributes = {
				LastSwiftUpdateCheck = 1010;
				LastUpgradeCheck = 1010;
				ORGANIZATIONNAME = "Michelle Tran";
				TargetAttributes = {
					85F8906D23F8797500FBC565 = {
						CreatedOnToolsVersion = 10.1;
					};
					85F8908123F8797900FBC565 = {
						CreatedOnToolsVersion = 10.1;
						TestTargetID = 85F8906D23F8797500FBC565;
					};
					85F8908C23F8797900FBC565 = {
						CreatedOnToolsVersion = 10.1;
						TestTargetID = 85F8906D23F8797500FBC565;
					};
				};
			};
			buildConfigurationList = 85F8906923F8797500FBC565 /* Build configuration list for PBXProject "Flashcards" */;
			compatibilityVersion = "Xcode 9.3";
			developmentRegion = en;
			hasScannedForEncodings = 0;
			knownRegions = (
				en,
				Base,
			);
			mainGroup = 85F8906523F8797500FBC565;
			productRefGroup = 85F8906F23F8797600FBC565 /* Products */;
			projectDirPath = "";
			projectRoot = "";
			targets = (
				85F8906D23F8797500FBC565 /* Flashcards */,
				85F8908123F8797900FBC565 /* FlashcardsTests */,
				85F8908C23F8797900FBC565 /* FlashcardsUITests */,
			);
		};
/* End PBXProject section */

/* Begin PBXResourcesBuildPhase section */
		85F8906C23F8797500FBC565 /* Resources */ = {
			isa = PBXResourcesBuildPhase;
			buildActionMask = 2147483647;
			files = (
				85F8907C23F8797900FBC565 /* LaunchScreen.storyboard in Resources */,
				85F8907923F8797900FBC565 /* Assets.xcassets in Resources */,
				85F8907723F8797600FBC565 /* Main.storyboard in Resources */,
			);
			runOnlyForDeploymentPostprocessing = 0;
		};
		85F8908023F8797900FBC565 /* Resources */ = {
			isa = PBXResourcesBuildPhase;
			buildActionMask = 2147483647;
			files = (
			);
			runOnlyForDeploymentPostprocessing = 0;
		};
		85F8908B23F8797900FBC565 /* Resources */ = {
			isa = PBXResourcesBuildPhase;
			buildActionMask = 2147483647;
			files = (
			);
			runOnlyForDeploymentPostprocessing = 0;
		};
/* End PBXResourcesBuildPhase section */

/* Begin PBXSourcesBuildPhase section */
		85F8906A23F8797500FBC565 /* Sources */ = {
			isa = PBXSourcesBuildPhase;
			buildActionMask = 2147483647;
			files = (
				85F8907423F8797600FBC565 /* ViewController.swift in Sources */,
				85F8907223F8797600FBC565 /* AppDelegate.swift in Sources */,
				85580314240AEBBF00F7C709 /* CreationViewController.swift in Sources */,
			);
			runOnlyForDeploymentPostprocessing = 0;
		};
		85F8907E23F8797900FBC565 /* Sources */ = {
			isa = PBXSourcesBuildPhase;
			buildActionMask = 2147483647;
			files = (
				85F8908723F8797900FBC565 /* FlashcardsTests.swift in Sources */,
			);
			runOnlyForDeploymentPostprocessing = 0;
		};
		85F8908923F8797900FBC565 /* Sources */ = {
			isa = PBXSourcesBuildPhase;
			buildActionMask = 2147483647;
			files = (
				85F8909223F8797900FBC565 /* FlashcardsUITests.swift in Sources */,
			);
			runOnlyForDeploymentPostprocessing = 0;
		};
/* End PBXSourcesBuildPhase section */

/* Begin PBXTargetDependency section */
		85F8908423F8797900FBC565 /* PBXTargetDependency */ = {
			isa = PBXTargetDependency;
			target = 85F8906D23F8797500FBC565 /* Flashcards */;
			targetProxy = 85F8908323F8797900FBC565 /* PBXContainerItemProxy */;
		};
		85F8908F23F8797900FBC565 /* PBXTargetDependency */ = {
			isa = PBXTargetDependency;
			target = 85F8906D23F8797500FBC565 /* Flashcards */;
			targetProxy = 85F8908E23F8797900FBC565 /* PBXContainerItemProxy */;
		};
/* End PBXTargetDependency section */

/* Begin PBXVariantGroup section */
		85F8907523F8797600FBC565 /* Main.storyboard */ = {
			isa = PBXVariantGroup;
			children = (
				85F8907623F8797600FBC565 /* Base */,
			);
			name = Main.storyboard;
			sourceTree = "<group>";
		};
		85F8907A23F8797900FBC565 /* LaunchScreen.storyboard */ = {
			isa = PBXVariantGroup;
			children = (
				85F8907B23F8797900FBC565 /* Base */,
			);
			name = LaunchScreen.storyboard;
			sourceTree = "<group>";
		};
/* End PBXVariantGroup section */

/* Begin XCBuildConfiguration section */
		85F8909423F8797900FBC565 /* Debug */ = {
			isa = XCBuildConfiguration;
			buildSettings = {
				ALWAYS_SEARCH_USER_PATHS = NO;
				CLANG_ANALYZER_NONNULL = YES;
				CLANG_ANALYZER_NUMBER_OBJECT_CONVERSION = YES_AGGRESSIVE;
				CLANG_CXX_LANGUAGE_STANDARD = "gnu++14";
				CLANG_CXX_LIBRARY = "libc++";
				CLANG_ENABLE_MODULES = YES;
				CLANG_ENABLE_OBJC_ARC = YES;
				CLANG_ENABLE_OBJC_WEAK = YES;
				CLANG_WARN_BLOCK_CAPTURE_AUTORELEASING = YES;
				CLANG_WARN_BOOL_CONVERSION = YES;
				CLANG_WARN_COMMA = YES;
				CLANG_WARN_CONSTANT_CONVERSION = YES;
				CLANG_WARN_DEPRECATED_OBJC_IMPLEMENTATIONS = YES;
				CLANG_WARN_DIRECT_OBJC_ISA_USAGE = YES_ERROR;
				CLANG_WARN_DOCUMENTATION_COMMENTS = YES;
				CLANG_WARN_EMPTY_BODY = YES;
				CLANG_WARN_ENUM_CONVERSION = YES;
				CLANG_WARN_INFINITE_RECURSION = YES;
				CLANG_WARN_INT_CONVERSION = YES;
				CLANG_WARN_NON_LITERAL_NULL_CONVERSION = YES;
				CLANG_WARN_OBJC_IMPLICIT_RETAIN_SELF = YES;
				CLANG_WARN_OBJC_LITERAL_CONVERSION = YES;
				CLANG_WARN_OBJC_ROOT_CLASS = YES_ERROR;
				CLANG_WARN_RANGE_LOOP_ANALYSIS = YES;
				CLANG_WARN_STRICT_PROTOTYPES = YES;
				CLANG_WARN_SUSPICIOUS_MOVE = YES;
				CLANG_WARN_UNGUARDED_AVAILABILITY = YES_AGGRESSIVE;
				CLANG_WARN_UNREACHABLE_CODE = YES;
				CLANG_WARN__DUPLICATE_METHOD_MATCH = YES;
				CODE_SIGN_IDENTITY = "iPhone Developer";
				COPY_PHASE_STRIP = NO;
				DEBUG_INFORMATION_FORMAT = dwarf;
				ENABLE_STRICT_OBJC_MSGSEND = YES;
				ENABLE_TESTABILITY = YES;
				GCC_C_LANGUAGE_STANDARD = gnu11;
				GCC_DYNAMIC_NO_PIC = NO;
				GCC_NO_COMMON_BLOCKS = YES;
				GCC_OPTIMIZATION_LEVEL = 0;
				GCC_PREPROCESSOR_DEFINITIONS = (
					"DEBUG=1",
					"$(inherited)",
				);
				GCC_WARN_64_TO_32_BIT_CONVERSION = YES;
				GCC_WARN_ABOUT_RETURN_TYPE = YES_ERROR;
				GCC_WARN_UNDECLARED_SELECTOR = YES;
				GCC_WARN_UNINITIALIZED_AUTOS = YES_AGGRESSIVE;
				GCC_WARN_UNUSED_FUNCTION = YES;
				GCC_WARN_UNUSED_VARIABLE = YES;
				IPHONEOS_DEPLOYMENT_TARGET = 12.1;
				MTL_ENABLE_DEBUG_INFO = INCLUDE_SOURCE;
				MTL_FAST_MATH = YES;
				ONLY_ACTIVE_ARCH = YES;
				SDKROOT = iphoneos;
				SWIFT_ACTIVE_COMPILATION_CONDITIONS = DEBUG;
				SWIFT_OPTIMIZATION_LEVEL = "-Onone";
			};
			name = Debug;
		};
		85F8909523F8797900FBC565 /* Release */ = {
			isa = XCBuildConfiguration;
			buildSettings = {
				ALWAYS_SEARCH_USER_PATHS = NO;
				CLANG_ANALYZER_NONNULL = YES;
				CLANG_ANALYZER_NUMBER_OBJECT_CONVERSION = YES_AGGRESSIVE;
				CLANG_CXX_LANGUAGE_STANDARD = "gnu++14";
				CLANG_CXX_LIBRARY = "libc++";
				CLANG_ENABLE_MODULES = YES;
				CLANG_ENABLE_OBJC_ARC = YES;
				CLANG_ENABLE_OBJC_WEAK = YES;
				CLANG_WARN_BLOCK_CAPTURE_AUTORELEASING = YES;
				CLANG_WARN_BOOL_CONVERSION = YES;
				CLANG_WARN_COMMA = YES;
				CLANG_WARN_CONSTANT_CONVERSION = YES;
				CLANG_WARN_DEPRECATED_OBJC_IMPLEMENTATIONS = YES;
				CLANG_WARN_DIRECT_OBJC_ISA_USAGE = YES_ERROR;
				CLANG_WARN_DOCUMENTATION_COMMENTS = YES;
				CLANG_WARN_EMPTY_BODY = YES;
				CLANG_WARN_ENUM_CONVERSION = YES;
				CLANG_WARN_INFINITE_RECURSION = YES;
				CLANG_WARN_INT_CONVERSION = YES;
				CLANG_WARN_NON_LITERAL_NULL_CONVERSION = YES;
				CLANG_WARN_OBJC_IMPLICIT_RETAIN_SELF = YES;
				CLANG_WARN_OBJC_LITERAL_CONVERSION = YES;
				CLANG_WARN_OBJC_ROOT_CLASS = YES_ERROR;
				CLANG_WARN_RANGE_LOOP_ANALYSIS = YES;
				CLANG_WARN_STRICT_PROTOTYPES = YES;
				CLANG_WARN_SUSPICIOUS_MOVE = YES;
				CLANG_WARN_UNGUARDED_AVAILABILITY = YES_AGGRESSIVE;
				CLANG_WARN_UNREACHABLE_CODE = YES;
				CLANG_WARN__DUPLICATE_METHOD_MATCH = YES;
				CODE_SIGN_IDENTITY = "iPhone Developer";
				COPY_PHASE_STRIP = NO;
				DEBUG_INFORMATION_FORMAT = "dwarf-with-dsym";
				ENABLE_NS_ASSERTIONS = NO;
				ENABLE_STRICT_OBJC_MSGSEND = YES;
				GCC_C_LANGUAGE_STANDARD = gnu11;
				GCC_NO_COMMON_BLOCKS = YES;
				GCC_WARN_64_TO_32_BIT_CONVERSION = YES;
				GCC_WARN_ABOUT_RETURN_TYPE = YES_ERROR;
				GCC_WARN_UNDECLARED_SELECTOR = YES;
				GCC_WARN_UNINITIALIZED_AUTOS = YES_AGGRESSIVE;
				GCC_WARN_UNUSED_FUNCTION = YES;
				GCC_WARN_UNUSED_VARIABLE = YES;
				IPHONEOS_DEPLOYMENT_TARGET = 12.1;
				MTL_ENABLE_DEBUG_INFO = NO;
				MTL_FAST_MATH = YES;
				SDKROOT = iphoneos;
				SWIFT_COMPILATION_MODE = wholemodule;
				SWIFT_OPTIMIZATION_LEVEL = "-O";
				VALIDATE_PRODUCT = YES;
			};
			name = Release;
		};
		85F8909723F8797900FBC565 /* Debug */ = {
			isa = XCBuildConfiguration;
			buildSettings = {
				ASSETCATALOG_COMPILER_APPICON_NAME = AppIcon;
				CODE_SIGN_STYLE = Automatic;
				DEVELOPMENT_TEAM = AGMDJ4U5F3;
				INFOPLIST_FILE = Flashcards/Info.plist;
				LD_RUNPATH_SEARCH_PATHS = (
					"$(inherited)",
					"@executable_path/Frameworks",
				);
				PRODUCT_BUNDLE_IDENTIFIER = "com.michelle-tran.Flashcards";
				PRODUCT_NAME = "$(TARGET_NAME)";
				SWIFT_VERSION = 4.2;
				TARGETED_DEVICE_FAMILY = "1,2";
			};
			name = Debug;
		};
		85F8909823F8797900FBC565 /* Release */ = {
			isa = XCBuildConfiguration;
			buildSettings = {
				ASSETCATALOG_COMPILER_APPICON_NAME = AppIcon;
				CODE_SIGN_STYLE = Automatic;
				DEVELOPMENT_TEAM = AGMDJ4U5F3;
				INFOPLIST_FILE = Flashcards/Info.plist;
				LD_RUNPATH_SEARCH_PATHS = (
					"$(inherited)",
					"@executable_path/Frameworks",
				);
				PRODUCT_BUNDLE_IDENTIFIER = "com.michelle-tran.Flashcards";
				PRODUCT_NAME = "$(TARGET_NAME)";
				SWIFT_VERSION = 4.2;
				TARGETED_DEVICE_FAMILY = "1,2";
			};
			name = Release;
		};
		85F8909A23F8797900FBC565 /* Debug */ = {
			isa = XCBuildConfiguration;
			buildSettings = {
				ALWAYS_EMBED_SWIFT_STANDARD_LIBRARIES = YES;
				BUNDLE_LOADER = "$(TEST_HOST)";
				CODE_SIGN_STYLE = Automatic;
				DEVELOPMENT_TEAM = AGMDJ4U5F3;
				INFOPLIST_FILE = FlashcardsTests/Info.plist;
				LD_RUNPATH_SEARCH_PATHS = (
					"$(inherited)",
					"@executable_path/Frameworks",
					"@loader_path/Frameworks",
				);
				PRODUCT_BUNDLE_IDENTIFIER = "com.michelle-tran.FlashcardsTests";
				PRODUCT_NAME = "$(TARGET_NAME)";
				SWIFT_VERSION = 4.2;
				TARGETED_DEVICE_FAMILY = "1,2";
				TEST_HOST = "$(BUILT_PRODUCTS_DIR)/Flashcards.app/Flashcards";
			};
			name = Debug;
		};
		85F8909B23F8797900FBC565 /* Release */ = {
			isa = XCBuildConfiguration;
			buildSettings = {
				ALWAYS_EMBED_SWIFT_STANDARD_LIBRARIES = YES;
				BUNDLE_LOADER = "$(TEST_HOST)";
				CODE_SIGN_STYLE = Automatic;
				DEVELOPMENT_TEAM = AGMDJ4U5F3;
				INFOPLIST_FILE = FlashcardsTests/Info.plist;
				LD_RUNPATH_SEARCH_PATHS = (
					"$(inherited)",
					"@executable_path/Frameworks",
					"@loader_path/Frameworks",
				);
				PRODUCT_BUNDLE_IDENTIFIER = "com.michelle-tran.FlashcardsTests";
				PRODUCT_NAME = "$(TARGET_NAME)";
				SWIFT_VERSION = 4.2;
				TARGETED_DEVICE_FAMILY = "1,2";
				TEST_HOST = "$(BUILT_PRODUCTS_DIR)/Flashcards.app/Flashcards";
			};
			name = Release;
		};
		85F8909D23F8797900FBC565 /* Debug */ = {
			isa = XCBuildConfiguration;
			buildSettings = {
				ALWAYS_EMBED_SWIFT_STANDARD_LIBRARIES = YES;
				CODE_SIGN_STYLE = Automatic;
				DEVELOPMENT_TEAM = AGMDJ4U5F3;
				INFOPLIST_FILE = FlashcardsUITests/Info.plist;
				LD_RUNPATH_SEARCH_PATHS = (
					"$(inherited)",
					"@executable_path/Frameworks",
					"@loader_path/Frameworks",
				);
				PRODUCT_BUNDLE_IDENTIFIER = "com.michelle-tran.FlashcardsUITests";
				PRODUCT_NAME = "$(TARGET_NAME)";
				SWIFT_VERSION = 4.2;
				TARGETED_DEVICE_FAMILY = "1,2";
				TEST_TARGET_NAME = Flashcards;
			};
			name = Debug;
		};
		85F8909E23F8797900FBC565 /* Release */ = {
			isa = XCBuildConfiguration;
			buildSettings = {
				ALWAYS_EMBED_SWIFT_STANDARD_LIBRARIES = YES;
				CODE_SIGN_STYLE = Automatic;
				DEVELOPMENT_TEAM = AGMDJ4U5F3;
				INFOPLIST_FILE = FlashcardsUITests/Info.plist;
				LD_RUNPATH_SEARCH_PATHS = (
					"$(inherited)",
					"@executable_path/Frameworks",
					"@loader_path/Frameworks",
				);
				PRODUCT_BUNDLE_IDENTIFIER = "com.michelle-tran.FlashcardsUITests";
				PRODUCT_NAME = "$(TARGET_NAME)";
				SWIFT_VERSION = 4.2;
				TARGETED_DEVICE_FAMILY = "1,2";
				TEST_TARGET_NAME = Flashcards;
			};
			name = Release;
		};
/* End XCBuildConfiguration section */

/* Begin XCConfigurationList section */
		85F8906923F8797500FBC565 /* Build configuration list for PBXProject "Flashcards" */ = {
			isa = XCConfigurationList;
			buildConfigurations = (
				85F8909423F8797900FBC565 /* Debug */,
				85F8909523F8797900FBC565 /* Release */,
			);
			defaultConfigurationIsVisible = 0;
			defaultConfigurationName = Release;
		};
		85F8909623F8797900FBC565 /* Build configuration list for PBXNativeTarget "Flashcards" */ = {
			isa = XCConfigurationList;
			buildConfigurations = (
				85F8909723F8797900FBC565 /* Debug */,
				85F8909823F8797900FBC565 /* Release */,
			);
			defaultConfigurationIsVisible = 0;
			defaultConfigurationName = Release;
		};
		85F8909923F8797900FBC565 /* Build configuration list for PBXNativeTarget "FlashcardsTests" */ = {
			isa = XCConfigurationList;
			buildConfigurations = (
				85F8909A23F8797900FBC565 /* Debug */,
				85F8909B23F8797900FBC565 /* Release */,
			);
			defaultConfigurationIsVisible = 0;
			defaultConfigurationName = Release;
		};
		85F8909C23F8797900FBC565 /* Build configuration list for PBXNativeTarget "FlashcardsUITests" */ = {
			isa = XCConfigurationList;
			buildConfigurations = (
				85F8909D23F8797900FBC565 /* Debug */,
				85F8909E23F8797900FBC565 /* Release */,
			);
			defaultConfigurationIsVisible = 0;
			defaultConfigurationName = Release;
		};
/* End XCConfigurationList section */
	};
	rootObject = 85F8906623F8797500FBC565 /* Project object */;
}
